
Microsoft Visual Studio Solution File, Format Version 12.00
# Visual Studio Version 17
VisualStudioVersion = 17.6.33801.468
MinimumVisualStudioVersion = 10.0.40219.1
Project("{FAE04EC0-301F-11D3-BF4B-00C04F79EFBC}") = "Methodes_L4", "Methodes_L4\Methodes_L4.csproj", "{57E8FBE8-318F-4403-A8ED-6B966B012C88}"
EndProject
Global
	GlobalSection(SolutionConfigurationPlatforms) = preSolution
		Debug|Any CPU = Debug|Any CPU
		Release|Any CPU = Release|Any CPU
	EndGlobalSection
	GlobalSection(ProjectConfigurationPlatforms) = postSolution
		{57E8FBE8-318F-4403-A8ED-6B966B012C88}.Debug|Any CPU.ActiveCfg = Debug|Any CPU
		{57E8FBE8-318F-4403-A8ED-6B966B012C88}.Debug|Any CPU.Build.0 = Debug|Any CPU
		{57E8FBE8-318F-4403-A8ED-6B966B012C88}.Release|Any CPU.ActiveCfg = Release|Any CPU
		{57E8FBE8-318F-4403-A8ED-6B966B012C88}.Release|Any CPU.Build.0 = Release|Any CPU
	EndGlobalSection
	GlobalSection(SolutionProperties) = preSolution
		HideSolutionNode = FALSE
	EndGlobalSection
	GlobalSection(ExtensibilityGlobals) = postSolution
		SolutionGuid = {C2E4B97A-09D0-488C-B31F-41936F07836C}
	EndGlobalSection
EndGlobal
